<?xml version="1.0" encoding="utf-8"?>
<Project ToolsVersion="4.0" xmlns="http://schemas.microsoft.com/developer/msbuild/2003">
  <ItemGroup>
    <ClCompile Include="dllmain.cpp">
      <Filter>Source Files</Filter>
    </ClCompile>
    <ClCompile Include="formation.cpp">
      <Filter>Source Files</Filter>
    </ClCompile>
    <ClCompile Include="messagebox_dlg.cpp">
      <Filter>Source Files</Filter>
    </ClCompile>
    <ClCompile Include="waitcontrol.cpp">
      <Filter>Source Files</Filter>
    </ClCompile>
    <ClCompile Include="stdafx.cpp">
      <Filter>Source Files</Filter>
    </ClCompile>
    <ClCompile Include="find_inner_rect.cpp">
      <Filter>Source Files</Filter>
    </ClCompile>
    <ClCompile Include="waitmodelcontrol.cpp">
      <Filter>Source Files</Filter>
    </ClCompile>
  </ItemGroup>
  <ItemGroup>
    <ClInclude Include="formation.h">
      <Filter>Header Files</Filter>
    </ClInclude>
    <ClInclude Include="messagebox_dlg.h">
      <Filter>Header Files</Filter>
    </ClInclude>
    <ClInclude Include="Resource.h">
      <Filter>Header Files</Filter>
    </ClInclude>
    <ClInclude Include="stdafx.h">
      <Filter>Header Files</Filter>
    </ClInclude>
    <ClInclude Include="targetver.h">
      <Filter>Header Files</Filter>
    </ClInclude>
    <ClInclude Include="waitcontrol.h">
      <Filter>Header Files</Filter>
    </ClInclude>
    <ClInclude Include="find_inner_rect.h">
      <Filter>Header Files</Filter>
    </ClInclude>
    <ClInclude Include="waitmodelcontrol.h">
      <Filter>Header Files</Filter>
    </ClInclude>
  </ItemGroup>
  <ItemGroup>
    <Image Include="res\error.ico">
      <Filter>Resource Files</Filter>
    </Image>
    <Image Include="res\information.ico">
      <Filter>Resource Files</Filter>
    </Image>
    <Image Include="res\question.ico">
      <Filter>Resource Files</Filter>
    </Image>
  </ItemGroup>
  <ItemGroup>
    <Filter Include="Header Files">
      <UniqueIdentifier>{07d2ce8d-61d7-4bbf-b09b-9d496347db63}</UniqueIdentifier>
    </Filter>
    <Filter Include="Source Files">
      <UniqueIdentifier>{9cfa2dc3-8a21-430e-834a-8482e7ba8fcf}</UniqueIdentifier>
    </Filter>
    <Filter Include="Resource Files">
      <UniqueIdentifier>{22ec38c8-a073-4833-b2fc-d8df99a56568}</UniqueIdentifier>
    </Filter>
  </ItemGroup>
  <ItemGroup>
    <None Include="res\VisionBuilder.rc2">
      <Filter>Resource Files</Filter>
    </None>
  </ItemGroup>
  <ItemGroup>
    <ResourceCompile Include="VisionBuilder.rc">
      <Filter>Resource Files</Filter>
    </ResourceCompile>
  </ItemGroup>
</Project>